
Microsoft Visual Studio Solution File, Format Version 12.00
# Visual Studio Version 16
VisualStudioVersion = 16.0.31729.503
MinimumVisualStudioVersion = 10.0.40219.1
Project("{FAE04EC0-301F-11D3-BF4B-00C04F79EFBC}") = "Core", "Core\Core.csproj", "{B24E1792-A4B3-4C8B-880E-3A92C46EC4CA}"
EndProject
Project("{FAE04EC0-301F-11D3-BF4B-00C04F79EFBC}") = "Business", "Business\Business.csproj", "{FBD0CA0D-E32A-429A-A153-EF0D833FA2F2}"
EndProject
Project("{FAE04EC0-301F-11D3-BF4B-00C04F79EFBC}") = "DataAccess", "DataAccess\DataAccess.csproj", "{7FCDA6D7-07F0-467D-BC17-68A0333BBB13}"
EndProject
Project("{FAE04EC0-301F-11D3-BF4B-00C04F79EFBC}") = "Entities", "Entities\Entities.csproj", "{5C4DA6AC-1CE4-4C8D-A572-1642E56D8E8B}"
EndProject
Project("{FAE04EC0-301F-11D3-BF4B-00C04F79EFBC}") = "UIArayuz", "UIArayuz\UIArayuz.csproj", "{9B92F584-C998-4F57-9816-6E456E0BE1CC}"
EndProject
Global
	GlobalSection(SolutionConfigurationPlatforms) = preSolution
		Debug|Any CPU = Debug|Any CPU
		Release|Any CPU = Release|Any CPU
	EndGlobalSection
	GlobalSection(ProjectConfigurationPlatforms) = postSolution
		{B24E1792-A4B3-4C8B-880E-3A92C46EC4CA}.Debug|Any CPU.ActiveCfg = Debug|Any CPU
		{B24E1792-A4B3-4C8B-880E-3A92C46EC4CA}.Debug|Any CPU.Build.0 = Debug|Any CPU
		{B24E1792-A4B3-4C8B-880E-3A92C46EC4CA}.Release|Any CPU.ActiveCfg = Release|Any CPU
		{B24E1792-A4B3-4C8B-880E-3A92C46EC4CA}.Release|Any CPU.Build.0 = Release|Any CPU
		{FBD0CA0D-E32A-429A-A153-EF0D833FA2F2}.Debug|Any CPU.ActiveCfg = Debug|Any CPU
		{FBD0CA0D-E32A-429A-A153-EF0D833FA2F2}.Debug|Any CPU.Build.0 = Debug|Any CPU
		{FBD0CA0D-E32A-429A-A153-EF0D833FA2F2}.Release|Any CPU.ActiveCfg = Release|Any CPU
		{FBD0CA0D-E32A-429A-A153-EF0D833FA2F2}.Release|Any CPU.Build.0 = Release|Any CPU
		{7FCDA6D7-07F0-467D-BC17-68A0333BBB13}.Debug|Any CPU.ActiveCfg = Debug|Any CPU
		{7FCDA6D7-07F0-467D-BC17-68A0333BBB13}.Debug|Any CPU.Build.0 = Debug|Any CPU
		{7FCDA6D7-07F0-467D-BC17-68A0333BBB13}.Release|Any CPU.ActiveCfg = Release|Any CPU
		{7FCDA6D7-07F0-467D-BC17-68A0333BBB13}.Release|Any CPU.Build.0 = Release|Any CPU
		{5C4DA6AC-1CE4-4C8D-A572-1642E56D8E8B}.Debug|Any CPU.ActiveCfg = Debug|Any CPU
		{5C4DA6AC-1CE4-4C8D-A572-1642E56D8E8B}.Debug|Any CPU.Build.0 = Debug|Any CPU
		{5C4DA6AC-1CE4-4C8D-A572-1642E56D8E8B}.Release|Any CPU.ActiveCfg = Release|Any CPU
		{5C4DA6AC-1CE4-4C8D-A572-1642E56D8E8B}.Release|Any CPU.Build.0 = Release|Any CPU
		{9B92F584-C998-4F57-9816-6E456E0BE1CC}.Debug|Any CPU.ActiveCfg = Debug|Any CPU
		{9B92F584-C998-4F57-9816-6E456E0BE1CC}.Debug|Any CPU.Build.0 = Debug|Any CPU
		{9B92F584-C998-4F57-9816-6E456E0BE1CC}.Release|Any CPU.ActiveCfg = Release|Any CPU
		{9B92F584-C998-4F57-9816-6E456E0BE1CC}.Release|Any CPU.Build.0 = Release|Any CPU
	EndGlobalSection
	GlobalSection(SolutionProperties) = preSolution
		HideSolutionNode = FALSE
	EndGlobalSection
	GlobalSection(ExtensibilityGlobals) = postSolution
		SolutionGuid = {7672358D-82FF-40B2-A4FC-75384B0E22A2}
	EndGlobalSection
EndGlobal
